
Microsoft Visual Studio Solution File, Format Version 12.00
# Visual Studio 15
VisualStudioVersion = 15.0.28307.1321
MinimumVisualStudioVersion = 10.0.40219.1
Project("{FAE04EC0-301F-11D3-BF4B-00C04F79EFBC}") = "IniConvert", "IniConvert\IniConvert.csproj", "{3C4B4758-3749-4B93-A13C-D9D308E6DB05}"
EndProject
Project("{FAE04EC0-301F-11D3-BF4B-00C04F79EFBC}") = "ConsoleApp_IniT", "ConsoleApp_IniT\ConsoleApp_IniT.csproj", "{D2B302EA-537C-42CE-9CC3-0C3DF8473282}"
EndProject
Global
	GlobalSection(SolutionConfigurationPlatforms) = preSolution
		Debug|Any CPU = Debug|Any CPU
		Release|Any CPU = Release|Any CPU
	EndGlobalSection
	GlobalSection(ProjectConfigurationPlatforms) = postSolution
		{3C4B4758-3749-4B93-A13C-D9D308E6DB05}.Debug|Any CPU.ActiveCfg = Debug|Any CPU
		{3C4B4758-3749-4B93-A13C-D9D308E6DB05}.Debug|Any CPU.Build.0 = Debug|Any CPU
		{3C4B4758-3749-4B93-A13C-D9D308E6DB05}.Release|Any CPU.ActiveCfg = Release|Any CPU
		{3C4B4758-3749-4B93-A13C-D9D308E6DB05}.Release|Any CPU.Build.0 = Release|Any CPU
		{D2B302EA-537C-42CE-9CC3-0C3DF8473282}.Debug|Any CPU.ActiveCfg = Debug|Any CPU
		{D2B302EA-537C-42CE-9CC3-0C3DF8473282}.Debug|Any CPU.Build.0 = Debug|Any CPU
		{D2B302EA-537C-42CE-9CC3-0C3DF8473282}.Release|Any CPU.ActiveCfg = Release|Any CPU
		{D2B302EA-537C-42CE-9CC3-0C3DF8473282}.Release|Any CPU.Build.0 = Release|Any CPU
	EndGlobalSection
	GlobalSection(SolutionProperties) = preSolution
		HideSolutionNode = FALSE
	EndGlobalSection
	GlobalSection(ExtensibilityGlobals) = postSolution
		SolutionGuid = {CC001557-FAF1-4C8E-8609-94A1C3DB57F0}
	EndGlobalSection
EndGlobal
