
Microsoft Visual Studio Solution File, Format Version 12.00
# Visual Studio 15
VisualStudioVersion = 15.0.28307.1321
MinimumVisualStudioVersion = 10.0.40219.1
Project("{FAE04EC0-301F-11D3-BF4B-00C04F79EFBC}") = "ConsoleApp_IniT", "ConsoleApp_IniT\ConsoleApp_IniT.csproj", "{D2B302EA-537C-42CE-9CC3-0C3DF8473282}"
EndProject
Project("{FAE04EC0-301F-11D3-BF4B-00C04F79EFBC}") = "QSoft.Ini", "Ini-Serializer\QSoft.Ini.csproj", "{7159CEAA-5BD9-4981-9ACF-643CBA88268C}"
EndProject
Project("{FAE04EC0-301F-11D3-BF4B-00C04F79EFBC}") = "ConsoleApp_UngetT", "ConsoleApp_UngetT\ConsoleApp_UngetT.csproj", "{88CD3BEA-EE35-44A4-8D71-2488195942CD}"
EndProject
Global
	GlobalSection(SolutionConfigurationPlatforms) = preSolution
		Debug|Any CPU = Debug|Any CPU
		Debug|x64 = Debug|x64
		Release|Any CPU = Release|Any CPU
		Release|x64 = Release|x64
	EndGlobalSection
	GlobalSection(ProjectConfigurationPlatforms) = postSolution
		{D2B302EA-537C-42CE-9CC3-0C3DF8473282}.Debug|Any CPU.ActiveCfg = Debug|Any CPU
		{D2B302EA-537C-42CE-9CC3-0C3DF8473282}.Debug|Any CPU.Build.0 = Debug|Any CPU
		{D2B302EA-537C-42CE-9CC3-0C3DF8473282}.Debug|x64.ActiveCfg = Debug|x64
		{D2B302EA-537C-42CE-9CC3-0C3DF8473282}.Debug|x64.Build.0 = Debug|x64
		{D2B302EA-537C-42CE-9CC3-0C3DF8473282}.Release|Any CPU.ActiveCfg = Release|Any CPU
		{D2B302EA-537C-42CE-9CC3-0C3DF8473282}.Release|Any CPU.Build.0 = Release|Any CPU
		{D2B302EA-537C-42CE-9CC3-0C3DF8473282}.Release|x64.ActiveCfg = Release|x64
		{D2B302EA-537C-42CE-9CC3-0C3DF8473282}.Release|x64.Build.0 = Release|x64
		{7159CEAA-5BD9-4981-9ACF-643CBA88268C}.Debug|Any CPU.ActiveCfg = Debug|Any CPU
		{7159CEAA-5BD9-4981-9ACF-643CBA88268C}.Debug|Any CPU.Build.0 = Debug|Any CPU
		{7159CEAA-5BD9-4981-9ACF-643CBA88268C}.Debug|x64.ActiveCfg = Debug|Any CPU
		{7159CEAA-5BD9-4981-9ACF-643CBA88268C}.Debug|x64.Build.0 = Debug|Any CPU
		{7159CEAA-5BD9-4981-9ACF-643CBA88268C}.Release|Any CPU.ActiveCfg = Release|Any CPU
		{7159CEAA-5BD9-4981-9ACF-643CBA88268C}.Release|Any CPU.Build.0 = Release|Any CPU
		{7159CEAA-5BD9-4981-9ACF-643CBA88268C}.Release|x64.ActiveCfg = Release|Any CPU
		{7159CEAA-5BD9-4981-9ACF-643CBA88268C}.Release|x64.Build.0 = Release|Any CPU
		{88CD3BEA-EE35-44A4-8D71-2488195942CD}.Debug|Any CPU.ActiveCfg = Debug|Any CPU
		{88CD3BEA-EE35-44A4-8D71-2488195942CD}.Debug|Any CPU.Build.0 = Debug|Any CPU
		{88CD3BEA-EE35-44A4-8D71-2488195942CD}.Debug|x64.ActiveCfg = Debug|Any CPU
		{88CD3BEA-EE35-44A4-8D71-2488195942CD}.Debug|x64.Build.0 = Debug|Any CPU
		{88CD3BEA-EE35-44A4-8D71-2488195942CD}.Release|Any CPU.ActiveCfg = Release|Any CPU
		{88CD3BEA-EE35-44A4-8D71-2488195942CD}.Release|Any CPU.Build.0 = Release|Any CPU
		{88CD3BEA-EE35-44A4-8D71-2488195942CD}.Release|x64.ActiveCfg = Release|Any CPU
		{88CD3BEA-EE35-44A4-8D71-2488195942CD}.Release|x64.Build.0 = Release|Any CPU
	EndGlobalSection
	GlobalSection(SolutionProperties) = preSolution
		HideSolutionNode = FALSE
	EndGlobalSection
	GlobalSection(ExtensibilityGlobals) = postSolution
		SolutionGuid = {CC001557-FAF1-4C8E-8609-94A1C3DB57F0}
	EndGlobalSection
EndGlobal
